Microsoft Visual Studio Solution File, Format Version 12.00
# Visual Studio Version 17
VisualStudioVersion = 17.0.32112.339
MinimumVisualStudioVersion = 10.0.40219.1
Project("{2150E333-8FDC-42A3-9474-1A3956D46DE8}") = "src", "src", "{945585CC-ED27-4B2F-ABE9-74C93A185CB6}"
EndProject
Project("{9A19103F-16F7-4668-BE54-9A1E7A4F7556}") = "BrpService", "src\BrpService\BrpService.csproj", "{FE143889-B833-4BA0-B840-A7E29C841891}"
EndProject
Project("{9A19103F-16F7-4668-BE54-9A1E7A4F7556}") = "BrpProxy", "src\BrpProxy\BrpProxy.csproj", "{98C76098-2F31-41C4-AA5E-C12E5B22A2B9}"
EndProject
Project("{E53339B2-1760-4266-BCC7-CA923CBCF16C}") = "docker-compose", "docker-compose.dcproj", "{3ECBC4FE-3C17-4176-A045-696EBD638BE6}"
EndProject
Project("{9A19103F-16F7-4668-BE54-9A1E7A4F7556}") = "BrpProxy.Tests", "src\BrpProxy.Tests\BrpProxy.Tests.csproj", "{5034E8CE-57D9-4B85-A781-121EFB9258EB}"
EndProject
Project("{9A19103F-16F7-4668-BE54-9A1E7A4F7556}") = "GezagMock", "src\GezagMock\GezagMock.csproj", "{92F588B6-436A-4797-828B-618C70EB9694}"
EndProject
Project("{9A19103F-16F7-4668-BE54-9A1E7A4F7556}") = "Brp.Shared.Infrastructure", "src\Brp.Shared.Infrastructure\Brp.Shared.Infrastructure.csproj", "{13741EB1-FA51-45FA-92F1-03C7C53824CF}"
EndProject
Project("{9A19103F-16F7-4668-BE54-9A1E7A4F7556}") = "Serilog.Sinks.PersistentFile", "src\Serilog.Sinks.PersistentFile\Serilog.Sinks.PersistentFile.csproj", "{215CFC72-5C1C-43F7-92BB-D3D91C17B521}"
EndProject
Global
	GlobalSection(SolutionConfigurationPlatforms) = preSolution
		Debug|Any CPU = Debug|Any CPU
		Release|Any CPU = Release|Any CPU
	EndGlobalSection
	GlobalSection(ProjectConfigurationPlatforms) = postSolution
		{FE143889-B833-4BA0-B840-A7E29C841891}.Debug|Any CPU.ActiveCfg = Debug|Any CPU
		{FE143889-B833-4BA0-B840-A7E29C841891}.Debug|Any CPU.Build.0 = Debug|Any CPU
		{FE143889-B833-4BA0-B840-A7E29C841891}.Release|Any CPU.ActiveCfg = Release|Any CPU
		{FE143889-B833-4BA0-B840-A7E29C841891}.Release|Any CPU.Build.0 = Release|Any CPU
		{98C76098-2F31-41C4-AA5E-C12E5B22A2B9}.Debug|Any CPU.ActiveCfg = Debug|Any CPU
		{98C76098-2F31-41C4-AA5E-C12E5B22A2B9}.Debug|Any CPU.Build.0 = Debug|Any CPU
		{98C76098-2F31-41C4-AA5E-C12E5B22A2B9}.Release|Any CPU.ActiveCfg = Release|Any CPU
		{98C76098-2F31-41C4-AA5E-C12E5B22A2B9}.Release|Any CPU.Build.0 = Release|Any CPU
		{3ECBC4FE-3C17-4176-A045-696EBD638BE6}.Debug|Any CPU.ActiveCfg = Debug|Any CPU
		{3ECBC4FE-3C17-4176-A045-696EBD638BE6}.Debug|Any CPU.Build.0 = Debug|Any CPU
		{3ECBC4FE-3C17-4176-A045-696EBD638BE6}.Release|Any CPU.ActiveCfg = Release|Any CPU
		{3ECBC4FE-3C17-4176-A045-696EBD638BE6}.Release|Any CPU.Build.0 = Release|Any CPU
		{5034E8CE-57D9-4B85-A781-121EFB9258EB}.Debug|Any CPU.ActiveCfg = Debug|Any CPU
		{5034E8CE-57D9-4B85-A781-121EFB9258EB}.Debug|Any CPU.Build.0 = Debug|Any CPU
		{5034E8CE-57D9-4B85-A781-121EFB9258EB}.Release|Any CPU.ActiveCfg = Release|Any CPU
		{5034E8CE-57D9-4B85-A781-121EFB9258EB}.Release|Any CPU.Build.0 = Release|Any CPU
		{92F588B6-436A-4797-828B-618C70EB9694}.Debug|Any CPU.ActiveCfg = Debug|Any CPU
		{92F588B6-436A-4797-828B-618C70EB9694}.Debug|Any CPU.Build.0 = Debug|Any CPU
		{92F588B6-436A-4797-828B-618C70EB9694}.Release|Any CPU.ActiveCfg = Release|Any CPU
		{92F588B6-436A-4797-828B-618C70EB9694}.Release|Any CPU.Build.0 = Release|Any CPU
		{13741EB1-FA51-45FA-92F1-03C7C53824CF}.Debug|Any CPU.ActiveCfg = Debug|Any CPU
		{13741EB1-FA51-45FA-92F1-03C7C53824CF}.Debug|Any CPU.Build.0 = Debug|Any CPU
		{13741EB1-FA51-45FA-92F1-03C7C53824CF}.Release|Any CPU.ActiveCfg = Release|Any CPU
		{13741EB1-FA51-45FA-92F1-03C7C53824CF}.Release|Any CPU.Build.0 = Release|Any CPU
		{215CFC72-5C1C-43F7-92BB-D3D91C17B521}.Debug|Any CPU.ActiveCfg = Debug|Any CPU
		{215CFC72-5C1C-43F7-92BB-D3D91C17B521}.Debug|Any CPU.Build.0 = Debug|Any CPU
		{215CFC72-5C1C-43F7-92BB-D3D91C17B521}.Release|Any CPU.ActiveCfg = Release|Any CPU
		{215CFC72-5C1C-43F7-92BB-D3D91C17B521}.Release|Any CPU.Build.0 = Release|Any CPU
	EndGlobalSection
	GlobalSection(SolutionProperties) = preSolution
		HideSolutionNode = FALSE
	EndGlobalSection
	GlobalSection(NestedProjects) = preSolution
		{FE143889-B833-4BA0-B840-A7E29C841891} = {945585CC-ED27-4B2F-ABE9-74C93A185CB6}
		{98C76098-2F31-41C4-AA5E-C12E5B22A2B9} = {945585CC-ED27-4B2F-ABE9-74C93A185CB6}
		{5034E8CE-57D9-4B85-A781-121EFB9258EB} = {945585CC-ED27-4B2F-ABE9-74C93A185CB6}
		{92F588B6-436A-4797-828B-618C70EB9694} = {945585CC-ED27-4B2F-ABE9-74C93A185CB6}
		{13741EB1-FA51-45FA-92F1-03C7C53824CF} = {945585CC-ED27-4B2F-ABE9-74C93A185CB6}
		{215CFC72-5C1C-43F7-92BB-D3D91C17B521} = {945585CC-ED27-4B2F-ABE9-74C93A185CB6}
	EndGlobalSection
	GlobalSection(ExtensibilityGlobals) = postSolution
		SolutionGuid = {BEC9CC08-4805-4AE3-9268-E70AD74999B1}
	EndGlobalSection
EndGlobal
