
Microsoft Visual Studio Solution File, Format Version 12.00
# Visual Studio Version 17
VisualStudioVersion = 17.0.32112.339
MinimumVisualStudioVersion = 10.0.40219.1
Project("{2150E333-8FDC-42A3-9474-1A3956D46DE8}") = "src", "src", "{945585CC-ED27-4B2F-ABE9-74C93A185CB6}"
EndProject
Project("{FAE04EC0-301F-11D3-BF4B-00C04F79EFBC}") = "BrpService", "src\BrpService\BrpService.csproj", "{FE143889-B833-4BA0-B840-A7E29C841891}"
EndProject
Global
	GlobalSection(SolutionConfigurationPlatforms) = preSolution
		Debug|Any CPU = Debug|Any CPU
		Release|Any CPU = Release|Any CPU
	EndGlobalSection
	GlobalSection(ProjectConfigurationPlatforms) = postSolution
		{FE143889-B833-4BA0-B840-A7E29C841891}.Debug|Any CPU.ActiveCfg = Debug|Any CPU
		{FE143889-B833-4BA0-B840-A7E29C841891}.Debug|Any CPU.Build.0 = Debug|Any CPU
		{FE143889-B833-4BA0-B840-A7E29C841891}.Release|Any CPU.ActiveCfg = Release|Any CPU
		{FE143889-B833-4BA0-B840-A7E29C841891}.Release|Any CPU.Build.0 = Release|Any CPU
	EndGlobalSection
	GlobalSection(SolutionProperties) = preSolution
		HideSolutionNode = FALSE
	EndGlobalSection
	GlobalSection(NestedProjects) = preSolution
		{FE143889-B833-4BA0-B840-A7E29C841891} = {945585CC-ED27-4B2F-ABE9-74C93A185CB6}
	EndGlobalSection
	GlobalSection(ExtensibilityGlobals) = postSolution
		SolutionGuid = {BEC9CC08-4805-4AE3-9268-E70AD74999B1}
	EndGlobalSection
EndGlobal
